
Microsoft Visual Studio Solution File, Format Version 12.00
# Visual Studio Version 16
VisualStudioVersion = 16.0.30711.63
MinimumVisualStudioVersion = 10.0.40219.1
Project("{FAE04EC0-301F-11D3-BF4B-00C04F79EFBC}") = "Thrillful Prototype", "Thrillful Prototype\Thrillful Prototype.csproj", "{611DF8AC-A9E9-465D-93D8-283AC06FBCC9}"
EndProject
Global
	GlobalSection(SolutionConfigurationPlatforms) = preSolution
		Debug|Any CPU = Debug|Any CPU
		Release|Any CPU = Release|Any CPU
	EndGlobalSection
	GlobalSection(ProjectConfigurationPlatforms) = postSolution
		{611DF8AC-A9E9-465D-93D8-283AC06FBCC9}.Debug|Any CPU.ActiveCfg = Debug|Any CPU
		{611DF8AC-A9E9-465D-93D8-283AC06FBCC9}.Debug|Any CPU.Build.0 = Debug|Any CPU
		{611DF8AC-A9E9-465D-93D8-283AC06FBCC9}.Release|Any CPU.ActiveCfg = Release|Any CPU
		{611DF8AC-A9E9-465D-93D8-283AC06FBCC9}.Release|Any CPU.Build.0 = Release|Any CPU
	EndGlobalSection
	GlobalSection(SolutionProperties) = preSolution
		HideSolutionNode = FALSE
	EndGlobalSection
	GlobalSection(ExtensibilityGlobals) = postSolution
		SolutionGuid = {A6CD24AB-1E61-45C8-8585-0AC0527436C9}
	EndGlobalSection
EndGlobal
